
Microsoft Visual Studio Solution File, Format Version 12.00
# Visual Studio Version 17
VisualStudioVersion = 17.3.32825.248
MinimumVisualStudioVersion = 10.0.40219.1
Project("{FAE04EC0-301F-11D3-BF4B-00C04F79EFBC}") = "WindowsFormsApp5", "WindowsFormsApp5\WindowsFormsApp5.csproj", "{652953B4-0B07-408C-BBFB-29C9DB81FBF1}"
EndProject
Global
	GlobalSection(SolutionConfigurationPlatforms) = preSolution
		Debug|Any CPU = Debug|Any CPU
		Release|Any CPU = Release|Any CPU
	EndGlobalSection
	GlobalSection(ProjectConfigurationPlatforms) = postSolution
		{652953B4-0B07-408C-BBFB-29C9DB81FBF1}.Debug|Any CPU.ActiveCfg = Debug|Any CPU
		{652953B4-0B07-408C-BBFB-29C9DB81FBF1}.Debug|Any CPU.Build.0 = Debug|Any CPU
		{652953B4-0B07-408C-BBFB-29C9DB81FBF1}.Release|Any CPU.ActiveCfg = Release|Any CPU
		{652953B4-0B07-408C-BBFB-29C9DB81FBF1}.Release|Any CPU.Build.0 = Release|Any CPU
	EndGlobalSection
	GlobalSection(SolutionProperties) = preSolution
		HideSolutionNode = FALSE
	EndGlobalSection
	GlobalSection(ExtensibilityGlobals) = postSolution
		SolutionGuid = {6348436F-4812-474C-B2BB-0360BCC50275}
	EndGlobalSection
EndGlobal
